{
  "name": "twpluginskeleton",
  "version": "0.0.3",
  "lockfileVersion": 1,
  "requires": true,
  "dependencies": {
    "tiddlywiki": {
      "version": "5.1.19",
      "resolved": "https://registry.npmjs.org/tiddlywiki/-/tiddlywiki-5.1.19.tgz",
      "integrity": "sha512-G7JnwrQJ6d2ue49yaBl7WzmTOV/WH/mm4WgknChr6z8sSUVU+czPoYBXfwqHOuCbdZqWRPjiYfjkdm+eUiWodw=="
    },
    "tw5-thirdflow": {
      "version": "1.2.9",
      "resolved": "https://registry.npmjs.org/tw5-thirdflow/-/tw5-thirdflow-1.2.9.tgz",
      "integrity": "sha512-KwY+k/HZIojUS9QcLicQzhbDYNHKbtt+uE4t0bGIPxW8kUV7SMHTBwYVaIZ/LBb5XtwzJEhKDZ5AqbKUHfpoIw==",
      "requires": {
        "tiddlywiki": "^5.1.17"
      }
    }
  }
}
